Microsoft Visual Studio Solution File, Format Version 12.00
# Visual Studio 15
VisualStudioVersion = 15.0.26124.0
MinimumVisualStudioVersion = 15.0.26124.0
Project("{9A19103F-16F7-4668-BE54-9A1E7A4F7556}") = "Poule", "Poule\Poule.csproj", "{4A746269-B398-4343-868D-45E26B55FAC3}"
EndProject
Project("{9A19103F-16F7-4668-BE54-9A1E7A4F7556}") = "Poule.Tests", "Poule.Tests\Poule.Tests.csproj", "{1681492C-89B4-4A18-9052-6D92DEC67C1B}"
EndProject
Global
	GlobalSection(SolutionConfigurationPlatforms) = preSolution
		Debug|Any CPU = Debug|Any CPU
		Debug|x64 = Debug|x64
		Debug|x86 = Debug|x86
		Release|Any CPU = Release|Any CPU
		Release|x64 = Release|x64
		Release|x86 = Release|x86
	EndGlobalSection
	GlobalSection(ProjectConfigurationPlatforms) = postSolution
		{4A746269-B398-4343-868D-45E26B55FAC3}.Debug|Any CPU.ActiveCfg = Debug|Any CPU
		{4A746269-B398-4343-868D-45E26B55FAC3}.Debug|Any CPU.Build.0 = Debug|Any CPU
		{4A746269-B398-4343-868D-45E26B55FAC3}.Debug|x64.ActiveCfg = Debug|Any CPU
		{4A746269-B398-4343-868D-45E26B55FAC3}.Debug|x64.Build.0 = Debug|Any CPU
		{4A746269-B398-4343-868D-45E26B55FAC3}.Debug|x86.ActiveCfg = Debug|Any CPU
		{4A746269-B398-4343-868D-45E26B55FAC3}.Debug|x86.Build.0 = Debug|Any CPU
		{4A746269-B398-4343-868D-45E26B55FAC3}.Release|Any CPU.ActiveCfg = Release|Any CPU
		{4A746269-B398-4343-868D-45E26B55FAC3}.Release|Any CPU.Build.0 = Release|Any CPU
		{4A746269-B398-4343-868D-45E26B55FAC3}.Release|x64.ActiveCfg = Release|Any CPU
		{4A746269-B398-4343-868D-45E26B55FAC3}.Release|x64.Build.0 = Release|Any CPU
		{4A746269-B398-4343-868D-45E26B55FAC3}.Release|x86.ActiveCfg = Release|Any CPU
		{4A746269-B398-4343-868D-45E26B55FAC3}.Release|x86.Build.0 = Release|Any CPU
		{1681492C-89B4-4A18-9052-6D92DEC67C1B}.Debug|Any CPU.ActiveCfg = Debug|Any CPU
		{1681492C-89B4-4A18-9052-6D92DEC67C1B}.Debug|Any CPU.Build.0 = Debug|Any CPU
		{1681492C-89B4-4A18-9052-6D92DEC67C1B}.Debug|x64.ActiveCfg = Debug|Any CPU
		{1681492C-89B4-4A18-9052-6D92DEC67C1B}.Debug|x64.Build.0 = Debug|Any CPU
		{1681492C-89B4-4A18-9052-6D92DEC67C1B}.Debug|x86.ActiveCfg = Debug|Any CPU
		{1681492C-89B4-4A18-9052-6D92DEC67C1B}.Debug|x86.Build.0 = Debug|Any CPU
		{1681492C-89B4-4A18-9052-6D92DEC67C1B}.Release|Any CPU.ActiveCfg = Release|Any CPU
		{1681492C-89B4-4A18-9052-6D92DEC67C1B}.Release|Any CPU.Build.0 = Release|Any CPU
		{1681492C-89B4-4A18-9052-6D92DEC67C1B}.Release|x64.ActiveCfg = Release|Any CPU
		{1681492C-89B4-4A18-9052-6D92DEC67C1B}.Release|x64.Build.0 = Release|Any CPU
		{1681492C-89B4-4A18-9052-6D92DEC67C1B}.Release|x86.ActiveCfg = Release|Any CPU
		{1681492C-89B4-4A18-9052-6D92DEC67C1B}.Release|x86.Build.0 = Release|Any CPU
	EndGlobalSection
	GlobalSection(SolutionProperties) = preSolution
		HideSolutionNode = FALSE
	EndGlobalSection
	GlobalSection(ExtensibilityGlobals) = postSolution
		SolutionGuid = {7CC0DF67-540B-45A6-B8CB-C6C46C0B3CE1}
	EndGlobalSection
EndGlobal
